
Microsoft Visual Studio Solution File, Format Version 12.00
# Visual Studio Version 16
VisualStudioVersion = 16.0.31410.357
MinimumVisualStudioVersion = 10.0.40219.1
Project("{FAE04EC0-301F-11D3-BF4B-00C04F79EFBC}") = "HelpDeskTicketSystem", "HelpDeskTicketSystem\HelpDeskTicketSystem.csproj", "{1D7FA341-C6CF-4B0A-9625-FA9F51C6C4FB}"
EndProject
Global
	GlobalSection(SolutionConfigurationPlatforms) = preSolution
		Debug|Any CPU = Debug|Any CPU
		Release|Any CPU = Release|Any CPU
	EndGlobalSection
	GlobalSection(ProjectConfigurationPlatforms) = postSolution
		{1D7FA341-C6CF-4B0A-9625-FA9F51C6C4FB}.Debug|Any CPU.ActiveCfg = Debug|Any CPU
		{1D7FA341-C6CF-4B0A-9625-FA9F51C6C4FB}.Debug|Any CPU.Build.0 = Debug|Any CPU
		{1D7FA341-C6CF-4B0A-9625-FA9F51C6C4FB}.Release|Any CPU.ActiveCfg = Release|Any CPU
		{1D7FA341-C6CF-4B0A-9625-FA9F51C6C4FB}.Release|Any CPU.Build.0 = Release|Any CPU
	EndGlobalSection
	GlobalSection(SolutionProperties) = preSolution
		HideSolutionNode = FALSE
	EndGlobalSection
	GlobalSection(ExtensibilityGlobals) = postSolution
		SolutionGuid = {9E4D7E6E-E11C-4550-8DF7-5C55B0019713}
	EndGlobalSection
EndGlobal
